
Microsoft Visual Studio Solution File, Format Version 12.00
# Visual Studio Version 17
VisualStudioVersion = 17.10.35013.160
MinimumVisualStudioVersion = 10.0.40219.1
Project("{FAE04EC0-301F-11D3-BF4B-00C04F79EFBC}") = "Assignment2", "Assignment2\Assignment2.csproj", "{439E7307-0642-4EA7-9807-3CFA775EE059}"
EndProject
Global
	GlobalSection(SolutionConfigurationPlatforms) = preSolution
		Debug|Any CPU = Debug|Any CPU
		Release|Any CPU = Release|Any CPU
	EndGlobalSection
	GlobalSection(ProjectConfigurationPlatforms) = postSolution
		{439E7307-0642-4EA7-9807-3CFA775EE059}.Debug|Any CPU.ActiveCfg = Debug|Any CPU
		{439E7307-0642-4EA7-9807-3CFA775EE059}.Debug|Any CPU.Build.0 = Debug|Any CPU
		{439E7307-0642-4EA7-9807-3CFA775EE059}.Release|Any CPU.ActiveCfg = Release|Any CPU
		{439E7307-0642-4EA7-9807-3CFA775EE059}.Release|Any CPU.Build.0 = Release|Any CPU
	EndGlobalSection
	GlobalSection(SolutionProperties) = preSolution
		HideSolutionNode = FALSE
	EndGlobalSection
	GlobalSection(ExtensibilityGlobals) = postSolution
		SolutionGuid = {146E7F85-3D80-4787-B124-990F52AAB2D0}
	EndGlobalSection
EndGlobal
